
Microsoft Visual Studio Solution File, Format Version 12.00
# Visual Studio Version 17
VisualStudioVersion = 17.2.32630.192
MinimumVisualStudioVersion = 10.0.40219.1
Project("{FAE04EC0-301F-11D3-BF4B-00C04F79EFBC}") = "BankHeadQuarters", "BankHeadQuarters\BankHeadQuarters.csproj", "{DC6335CC-477C-4E17-83B6-70C948601507}"
EndProject
Global
	GlobalSection(SolutionConfigurationPlatforms) = preSolution
		Debug|Any CPU = Debug|Any CPU
		Release|Any CPU = Release|Any CPU
	EndGlobalSection
	GlobalSection(ProjectConfigurationPlatforms) = postSolution
		{DC6335CC-477C-4E17-83B6-70C948601507}.Debug|Any CPU.ActiveCfg = Debug|Any CPU
		{DC6335CC-477C-4E17-83B6-70C948601507}.Debug|Any CPU.Build.0 = Debug|Any CPU
		{DC6335CC-477C-4E17-83B6-70C948601507}.Release|Any CPU.ActiveCfg = Release|Any CPU
		{DC6335CC-477C-4E17-83B6-70C948601507}.Release|Any CPU.Build.0 = Release|Any CPU
	EndGlobalSection
	GlobalSection(SolutionProperties) = preSolution
		HideSolutionNode = FALSE
	EndGlobalSection
	GlobalSection(ExtensibilityGlobals) = postSolution
		SolutionGuid = {50A7D632-82D5-4EC4-B6CD-4EE714E606FB}
	EndGlobalSection
EndGlobal
